
Microsoft Visual Studio Solution File, Format Version 12.00
# Visual Studio 15
VisualStudioVersion = 15.0.27703.2026
MinimumVisualStudioVersion = 10.0.40219.1
Project("{888888A0-9F3D-457C-B088-3A5042F75D52}") = "BasicProject", "BasicProject\BasicProject.pyproj", "{DB09D509-4B86-4763-B413-F5E487A6DC38}"
EndProject
Global
	GlobalSection(SolutionConfigurationPlatforms) = preSolution
		Debug|Any CPU = Debug|Any CPU
		Release|Any CPU = Release|Any CPU
	EndGlobalSection
	GlobalSection(ProjectConfigurationPlatforms) = postSolution
		{DB09D509-4B86-4763-B413-F5E487A6DC38}.Debug|Any CPU.ActiveCfg = Debug|Any CPU
		{DB09D509-4B86-4763-B413-F5E487A6DC38}.Debug|Any CPU.Build.0 = Debug|Any CPU
		{DB09D509-4B86-4763-B413-F5E487A6DC38}.Release|Any CPU.ActiveCfg = Release|Any CPU
		{DB09D509-4B86-4763-B413-F5E487A6DC38}.Release|Any CPU.Build.0 = Release|Any CPU
	EndGlobalSection
	GlobalSection(SolutionProperties) = preSolution
		HideSolutionNode = FALSE
	EndGlobalSection
	GlobalSection(ExtensibilityGlobals) = postSolution
		SolutionGuid = {716BE768-F92F-4620-B6A3-4E095D040BFB}
	EndGlobalSection
EndGlobal
